{
  "originHash" : "7055134de02a7fb988a5b5613a71c6ae971661007d3b645f203cc7e259f82b85",
  "pins" : [
    {
      "identity" : "swift-cmark",
      "kind" : "remoteSourceControl",
      "location" : "https://github.com/swiftlang/swift-cmark.git",
      "state" : {
        "revision" : "5d9bdaa4228b381639fff09403e39a04926e2dbe",
        "version" : "0.7.1"
      }
    },
    {
      "identity" : "swift-markdown",
      "kind" : "remoteSourceControl",
      "location" : "https://github.com/swiftlang/swift-markdown.git",
      "state" : {
        "revision" : "7d9a5ce307528578dfa777d505496bd5f544ad94",
        "version" : "0.7.3"
      }
    },
    {
      "identity" : "swifthtmltomarkdown",
      "kind" : "remoteSourceControl",
      "location" : "https://github.com/ActuallyTaylor/SwiftHTMLToMarkdown.git",
      "state" : {
        "revision" : "be867877e3b589cafd125c5127b11ba98a487513",
        "version" : "1.2.1"
      }
    },
    {
      "identity" : "swiftsoup",
      "kind" : "remoteSourceControl",
      "location" : "https://github.com/scinfu/SwiftSoup.git",
      "state" : {
        "revision" : "fd541c4b3fa7dcec2e7cfe049505b6e4382cd66b",
        "version" : "2.13.2"
      }
    }
  ],
  "version" : 3
}
